// !$*UTF8*$!
{
	archiveVersion = 1;
	classes = {
	};
	objectVersion = 56;
	objects = {

/* Begin PBXBuildFile section */
		2560BD7D2CD93E5F009CE7F3 /* AppDelegate.swift in Sources */ = {isa = PBXBuildFile; fileRef = 2560BD7C2CD93E5F009CE7F3 /* AppDelegate.swift */; };
		2560BD7F2CD93E5F009CE7F3 /* SceneDelegate.swift in Sources */ = {isa = PBXBuildFile; fileRef = 2560BD7E2CD93E5F009CE7F3 /* SceneDelegate.swift */; };
		2560BD812CD93E5F009CE7F3 /* VideoTimelineController.swift in Sources */ = {isa = PBXBuildFile; fileRef = 2560BD802CD93E5F009CE7F3 /* VideoTimelineController.swift */; };
		2560BD842CD93E5F009CE7F3 /* Base in Resources */ = {isa = PBXBuildFile; fileRef = 2560BD832CD93E5F009CE7F3 /* Base */; };
		2560BD862CD93E60009CE7F3 /* Assets.xcassets in Resources */ = {isa = PBXBuildFile; fileRef = 2560BD852CD93E60009CE7F3 /* Assets.xcassets */; };
		2560BD892CD93E60009CE7F3 /* Base in Resources */ = {isa = PBXBuildFile; fileRef = 2560BD882CD93E60009CE7F3 /* Base */; };
		2560BD932CD97D6D009CE7F3 /* TimelineViewModel.swift in Sources */ = {isa = PBXBuildFile; fileRef = 2560BD922CD97D6D009CE7F3 /* TimelineViewModel.swift */; };
		2560BD982CD986C1009CE7F3 /* TimelineView.swift in Sources */ = {isa = PBXBuildFile; fileRef = 2560BD972CD986C1009CE7F3 /* TimelineView.swift */; };
		25941AD92CDABA8700CD3209 /* TrimmingHandlerView.swift in Sources */ = {isa = PBXBuildFile; fileRef = 25941AD82CDABA8700CD3209 /* TrimmingHandlerView.swift */; };
/* End PBXBuildFile section */

/* Begin PBXFileReference section */
		2560BD792CD93E5F009CE7F3 /* VideoTimeline.app */ = {isa = PBXFileReference; explicitFileType = wrapper.application; includeInIndex = 0; path = VideoTimeline.app; sourceTree = BUILT_PRODUCTS_DIR; };
		2560BD7C2CD93E5F009CE7F3 /* AppDelegate.swift */ = {isa = PBXFileReference; lastKnownFileType = sourcecode.swift; path = AppDelegate.swift; sourceTree = "<group>"; };
		2560BD7E2CD93E5F009CE7F3 /* SceneDelegate.swift */ = {isa = PBXFileReference; lastKnownFileType = sourcecode.swift; path = SceneDelegate.swift; sourceTree = "<group>"; };
		2560BD802CD93E5F009CE7F3 /* VideoTimelineController.swift */ = {isa = PBXFileReference; lastKnownFileType = sourcecode.swift; path = VideoTimelineController.swift; sourceTree = "<group>"; };
		2560BD832CD93E5F009CE7F3 /* Base */ = {isa = PBXFileReference; lastKnownFileType = file.storyboard; name = Base; path = Base.lproj/VideoTimelineController.storyboard; sourceTree = "<group>"; };
		2560BD852CD93E60009CE7F3 /* Assets.xcassets */ = {isa = PBXFileReference; lastKnownFileType = folder.assetcatalog; path = Assets.xcassets; sourceTree = "<group>"; };
		2560BD882CD93E60009CE7F3 /* Base */ = {isa = PBXFileReference; lastKnownFileType = file.storyboard; name = Base; path = Base.lproj/LaunchScreen.storyboard; sourceTree = "<group>"; };
		2560BD8A2CD93E60009CE7F3 /* Info.plist */ = {isa = PBXFileReference; lastKnownFileType = text.plist.xml; path = Info.plist; sourceTree = "<group>"; };
		2560BD922CD97D6D009CE7F3 /* TimelineViewModel.swift */ = {isa = PBXFileReference; lastKnownFileType = sourcecode.swift; path = TimelineViewModel.swift; sourceTree = "<group>"; };
		2560BD972CD986C1009CE7F3 /* TimelineView.swift */ = {isa = PBXFileReference; lastKnownFileType = sourcecode.swift; path = TimelineView.swift; sourceTree = "<group>"; };
		25941AD82CDABA8700CD3209 /* TrimmingHandlerView.swift */ = {isa = PBXFileReference; lastKnownFileType = sourcecode.swift; path = TrimmingHandlerView.swift; sourceTree = "<group>"; };
/* End PBXFileReference section */

/* Begin PBXFrameworksBuildPhase section */
		2560BD762CD93E5F009CE7F3 /* Frameworks */ = {
			isa = PBXFrameworksBuildPhase;
			buildActionMask = 2147483647;
			files = (
			);
			runOnlyForDeploymentPostprocessing = 0;
		};
/* End PBXFrameworksBuildPhase section */

/* Begin PBXGroup section */
		2560BD702CD93E5F009CE7F3 = {
			isa = PBXGroup;
			children = (
				2560BD7B2CD93E5F009CE7F3 /* VideoTimeline */,
				2560BD7A2CD93E5F009CE7F3 /* Products */,
			);
			sourceTree = "<group>";
		};
		2560BD7A2CD93E5F009CE7F3 /* Products */ = {
			isa = PBXGroup;
			children = (
				2560BD792CD93E5F009CE7F3 /* VideoTimeline.app */,
			);
			name = Products;
			sourceTree = "<group>";
		};
		2560BD7B2CD93E5F009CE7F3 /* VideoTimeline */ = {
			isa = PBXGroup;
			children = (
				2560BD962CD986B4009CE7F3 /* CustomViews */,
				2560BD912CD93EFE009CE7F3 /* Scenes */,
				2560BD902CD93EA6009CE7F3 /* Resources */,
				2560BD7C2CD93E5F009CE7F3 /* AppDelegate.swift */,
				2560BD7E2CD93E5F009CE7F3 /* SceneDelegate.swift */,
			);
			path = VideoTimeline;
			sourceTree = "<group>";
		};
		2560BD902CD93EA6009CE7F3 /* Resources */ = {
			isa = PBXGroup;
			children = (
				2560BD8A2CD93E60009CE7F3 /* Info.plist */,
				2560BD872CD93E60009CE7F3 /* LaunchScreen.storyboard */,
				2560BD852CD93E60009CE7F3 /* Assets.xcassets */,
			);
			path = Resources;
			sourceTree = "<group>";
		};
		2560BD912CD93EFE009CE7F3 /* Scenes */ = {
			isa = PBXGroup;
			children = (
				2560BD802CD93E5F009CE7F3 /* VideoTimelineController.swift */,
				2560BD822CD93E5F009CE7F3 /* VideoTimelineController.storyboard */,
				2560BD922CD97D6D009CE7F3 /* TimelineViewModel.swift */,
			);
			path = Scenes;
			sourceTree = "<group>";
		};
		2560BD962CD986B4009CE7F3 /* CustomViews */ = {
			isa = PBXGroup;
			children = (
				2560BD972CD986C1009CE7F3 /* TimelineView.swift */,
				25941AD82CDABA8700CD3209 /* TrimmingHandlerView.swift */,
			);
			path = CustomViews;
			sourceTree = "<group>";
		};
/* End PBXGroup section */

/* Begin PBXNativeTarget section */
		2560BD782CD93E5F009CE7F3 /* VideoTimeline */ = {
			isa = PBXNativeTarget;
			buildConfigurationList = 2560BD8D2CD93E60009CE7F3 /* Build configuration list for PBXNativeTarget "VideoTimeline" */;
			buildPhases = (
				2560BD752CD93E5F009CE7F3 /* Sources */,
				2560BD762CD93E5F009CE7F3 /* Frameworks */,
				2560BD772CD93E5F009CE7F3 /* Resources */,
			);
			buildRules = (
			);
			dependencies = (
			);
			name = VideoTimeline;
			productName = VideoTimeline;
			productReference = 2560BD792CD93E5F009CE7F3 /* VideoTimeline.app */;
			productType = "com.apple.product-type.application";
		};
/* End PBXNativeTarget section */

/* Begin PBXProject section */
		2560BD712CD93E5F009CE7F3 /* Project object */ = {
			isa = PBXProject;
			attributes = {
				BuildIndependentTargetsInParallel = 1;
				LastSwiftUpdateCheck = 1530;
				LastUpgradeCheck = 1530;
				TargetAttributes = {
					2560BD782CD93E5F009CE7F3 = {
						CreatedOnToolsVersion = 15.3;
					};
				};
			};
			buildConfigurationList = 2560BD742CD93E5F009CE7F3 /* Build configuration list for PBXProject "VideoTimeline" */;
			compatibilityVersion = "Xcode 14.0";
			developmentRegion = en;
			hasScannedForEncodings = 0;
			knownRegions = (
				en,
				Base,
			);
			mainGroup = 2560BD702CD93E5F009CE7F3;
			productRefGroup = 2560BD7A2CD93E5F009CE7F3 /* Products */;
			projectDirPath = "";
			projectRoot = "";
			targets = (
				2560BD782CD93E5F009CE7F3 /* VideoTimeline */,
			);
		};
/* End PBXProject section */

/* Begin PBXResourcesBuildPhase section */
		2560BD772CD93E5F009CE7F3 /* Resources */ = {
			isa = PBXResourcesBuildPhase;
			buildActionMask = 2147483647;
			files = (
				2560BD862CD93E60009CE7F3 /* Assets.xcassets in Resources */,
				2560BD892CD93E60009CE7F3 /* Base in Resources */,
				2560BD842CD93E5F009CE7F3 /* Base in Resources */,
			);
			runOnlyForDeploymentPostprocessing = 0;
		};
/* End PBXResourcesBuildPhase section */

/* Begin PBXSourcesBuildPhase section */
		2560BD752CD93E5F009CE7F3 /* Sources */ = {
			isa = PBXSourcesBuildPhase;
			buildActionMask = 2147483647;
			files = (
				2560BD812CD93E5F009CE7F3 /* VideoTimelineController.swift in Sources */,
				2560BD932CD97D6D009CE7F3 /* TimelineViewModel.swift in Sources */,
				25941AD92CDABA8700CD3209 /* TrimmingHandlerView.swift in Sources */,
				2560BD7D2CD93E5F009CE7F3 /* AppDelegate.swift in Sources */,
				2560BD982CD986C1009CE7F3 /* TimelineView.swift in Sources */,
				2560BD7F2CD93E5F009CE7F3 /* SceneDelegate.swift in Sources */,
			);
			runOnlyForDeploymentPostprocessing = 0;
		};
/* End PBXSourcesBuildPhase section */

/* Begin PBXVariantGroup section */
		2560BD822CD93E5F009CE7F3 /* VideoTimelineController.storyboard */ = {
			isa = PBXVariantGroup;
			children = (
				2560BD832CD93E5F009CE7F3 /* Base */,
			);
			name = VideoTimelineController.storyboard;
			sourceTree = "<group>";
		};
		2560BD872CD93E60009CE7F3 /* LaunchScreen.storyboard */ = {
			isa = PBXVariantGroup;
			children = (
				2560BD882CD93E60009CE7F3 /* Base */,
			);
			name = LaunchScreen.storyboard;
			sourceTree = "<group>";
		};
/* End PBXVariantGroup section */

/* Begin XCBuildConfiguration section */
		2560BD8B2CD93E60009CE7F3 /* Debug */ = {
			isa = XCBuildConfiguration;
			buildSettings = {
				ALWAYS_SEARCH_USER_PATHS = NO;
				ASSETCATALOG_COMPILER_GENERATE_SWIFT_ASSET_SYMBOL_EXTENSIONS = YES;
				CLANG_ANALYZER_NONNULL = YES;
				CLANG_ANALYZER_NUMBER_OBJECT_CONVERSION = YES_AGGRESSIVE;
				CLANG_CXX_LANGUAGE_STANDARD = "gnu++20";
				CLANG_ENABLE_MODULES = YES;
				CLANG_ENABLE_OBJC_ARC = YES;
				CLANG_ENABLE_OBJC_WEAK = YES;
				CLANG_WARN_BLOCK_CAPTURE_AUTORELEASING = YES;
				CLANG_WARN_BOOL_CONVERSION = YES;
				CLANG_WARN_COMMA = YES;
				CLANG_WARN_CONSTANT_CONVERSION = YES;
				CLANG_WARN_DEPRECATED_OBJC_IMPLEMENTATIONS = YES;
				CLANG_WARN_DIRECT_OBJC_ISA_USAGE = YES_ERROR;
				CLANG_WARN_DOCUMENTATION_COMMENTS = YES;
				CLANG_WARN_EMPTY_BODY = YES;
				CLANG_WARN_ENUM_CONVERSION = YES;
				CLANG_WARN_INFINITE_RECURSION = YES;
				CLANG_WARN_INT_CONVERSION = YES;
				CLANG_WARN_NON_LITERAL_NULL_CONVERSION = YES;
				CLANG_WARN_OBJC_IMPLICIT_RETAIN_SELF = YES;
				CLANG_WARN_OBJC_LITERAL_CONVERSION = YES;
				CLANG_WARN_OBJC_ROOT_CLASS = YES_ERROR;
				CLANG_WARN_QUOTED_INCLUDE_IN_FRAMEWORK_HEADER = YES;
				CLANG_WARN_RANGE_LOOP_ANALYSIS = YES;
				CLANG_WARN_STRICT_PROTOTYPES = YES;
				CLANG_WARN_SUSPICIOUS_MOVE = YES;
				CLANG_WARN_UNGUARDED_AVAILABILITY = YES_AGGRESSIVE;
				CLANG_WARN_UNREACHABLE_CODE = YES;
				CLANG_WARN__DUPLICATE_METHOD_MATCH = YES;
				COPY_PHASE_STRIP = NO;
				DEBUG_INFORMATION_FORMAT = dwarf;
				ENABLE_STRICT_OBJC_MSGSEND = YES;
				ENABLE_TESTABILITY = YES;
				ENABLE_USER_SCRIPT_SANDBOXING = YES;
				GCC_C_LANGUAGE_STANDARD = gnu17;
				GCC_DYNAMIC_NO_PIC = NO;
				GCC_NO_COMMON_BLOCKS = YES;
				GCC_OPTIMIZATION_LEVEL = 0;
				GCC_PREPROCESSOR_DEFINITIONS = (
					"DEBUG=1",
					"$(inherited)",
				);
				GCC_WARN_64_TO_32_BIT_CONVERSION = YES;
				GCC_WARN_ABOUT_RETURN_TYPE = YES_ERROR;
				GCC_WARN_UNDECLARED_SELECTOR = YES;
				GCC_WARN_UNINITIALIZED_AUTOS = YES_AGGRESSIVE;
				GCC_WARN_UNUSED_FUNCTION = YES;
				GCC_WARN_UNUSED_VARIABLE = YES;
				IPHONEOS_DEPLOYMENT_TARGET = 17.4;
				LOCALIZATION_PREFERS_STRING_CATALOGS = YES;
				MTL_ENABLE_DEBUG_INFO = INCLUDE_SOURCE;
				MTL_FAST_MATH = YES;
				ONLY_ACTIVE_ARCH = YES;
				SDKROOT = iphoneos;
				SWIFT_ACTIVE_COMPILATION_CONDITIONS = "DEBUG $(inherited)";
				SWIFT_OPTIMIZATION_LEVEL = "-Onone";
			};
			name = Debug;
		};
		2560BD8C2CD93E60009CE7F3 /* Release */ = {
			isa = XCBuildConfiguration;
			buildSettings = {
				ALWAYS_SEARCH_USER_PATHS = NO;
				ASSETCATALOG_COMPILER_GENERATE_SWIFT_ASSET_SYMBOL_EXTENSIONS = YES;
				CLANG_ANALYZER_NONNULL = YES;
				CLANG_ANALYZER_NUMBER_OBJECT_CONVERSION = YES_AGGRESSIVE;
				CLANG_CXX_LANGUAGE_STANDARD = "gnu++20";
				CLANG_ENABLE_MODULES = YES;
				CLANG_ENABLE_OBJC_ARC = YES;
				CLANG_ENABLE_OBJC_WEAK = YES;
				CLANG_WARN_BLOCK_CAPTURE_AUTORELEASING = YES;
				CLANG_WARN_BOOL_CONVERSION = YES;
				CLANG_WARN_COMMA = YES;
				CLANG_WARN_CONSTANT_CONVERSION = YES;
				CLANG_WARN_DEPRECATED_OBJC_IMPLEMENTATIONS = YES;
				CLANG_WARN_DIRECT_OBJC_ISA_USAGE = YES_ERROR;
				CLANG_WARN_DOCUMENTATION_COMMENTS = YES;
				CLANG_WARN_EMPTY_BODY = YES;
				CLANG_WARN_ENUM_CONVERSION = YES;
				CLANG_WARN_INFINITE_RECURSION = YES;
				CLANG_WARN_INT_CONVERSION = YES;
				CLANG_WARN_NON_LITERAL_NULL_CONVERSION = YES;
				CLANG_WARN_OBJC_IMPLICIT_RETAIN_SELF = YES;
				CLANG_WARN_OBJC_LITERAL_CONVERSION = YES;
				CLANG_WARN_OBJC_ROOT_CLASS = YES_ERROR;
				CLANG_WARN_QUOTED_INCLUDE_IN_FRAMEWORK_HEADER = YES;
				CLANG_WARN_RANGE_LOOP_ANALYSIS = YES;
				CLANG_WARN_STRICT_PROTOTYPES = YES;
				CLANG_WARN_SUSPICIOUS_MOVE = YES;
				CLANG_WARN_UNGUARDED_AVAILABILITY = YES_AGGRESSIVE;
				CLANG_WARN_UNREACHABLE_CODE = YES;
				CLANG_WARN__DUPLICATE_METHOD_MATCH = YES;
				COPY_PHASE_STRIP = NO;
				DEBUG_INFORMATION_FORMAT = "dwarf-with-dsym";
				ENABLE_NS_ASSERTIONS = NO;
				ENABLE_STRICT_OBJC_MSGSEND = YES;
				ENABLE_USER_SCRIPT_SANDBOXING = YES;
				GCC_C_LANGUAGE_STANDARD = gnu17;
				GCC_NO_COMMON_BLOCKS = YES;
				GCC_WARN_64_TO_32_BIT_CONVERSION = YES;
				GCC_WARN_ABOUT_RETURN_TYPE = YES_ERROR;
				GCC_WARN_UNDECLARED_SELECTOR = YES;
				GCC_WARN_UNINITIALIZED_AUTOS = YES_AGGRESSIVE;
				GCC_WARN_UNUSED_FUNCTION = YES;
				GCC_WARN_UNUSED_VARIABLE = YES;
				IPHONEOS_DEPLOYMENT_TARGET = 17.4;
				LOCALIZATION_PREFERS_STRING_CATALOGS = YES;
				MTL_ENABLE_DEBUG_INFO = NO;
				MTL_FAST_MATH = YES;
				SDKROOT = iphoneos;
				SWIFT_COMPILATION_MODE = wholemodule;
				VALIDATE_PRODUCT = YES;
			};
			name = Release;
		};
		2560BD8E2CD93E60009CE7F3 /* Debug */ = {
			isa = XCBuildConfiguration;
			buildSettings = {
				ASSETCATALOG_COMPILER_APPICON_NAME = AppIcon;
				ASSETCATALOG_COMPILER_GLOBAL_ACCENT_COLOR_NAME = AccentColor;
				CODE_SIGN_STYLE = Automatic;
				CURRENT_PROJECT_VERSION = 1;
				GENERATE_INFOPLIST_FILE = YES;
				INFOPLIST_FILE = VideoTimeline/Resources/Info.plist;
				INFOPLIST_KEY_UIApplicationSupportsIndirectInputEvents = YES;
				INFOPLIST_KEY_UILaunchStoryboardName = LaunchScreen;
				INFOPLIST_KEY_UISupportedInterfaceOrientations_iPad = "UIInterfaceOrientationPortrait UIInterfaceOrientationPortraitUpsideDown UIInterfaceOrientationLandscapeLeft UIInterfaceOrientationLandscapeRight";
				INFOPLIST_KEY_UISupportedInterfaceOrientations_iPhone = "UIInterfaceOrientationPortrait UIInterfaceOrientationLandscapeLeft UIInterfaceOrientationLandscapeRight";
				LD_RUNPATH_SEARCH_PATHS = (
					"$(inherited)",
					"@executable_path/Frameworks",
				);
				MARKETING_VERSION = 1.0;
				PRODUCT_BUNDLE_IDENTIFIER = io.aamir.VideoTimeline;
				PRODUCT_NAME = "$(TARGET_NAME)";
				SWIFT_EMIT_LOC_STRINGS = YES;
				SWIFT_VERSION = 5.0;
				TARGETED_DEVICE_FAMILY = "1,2";
			};
			name = Debug;
		};
		2560BD8F2CD93E60009CE7F3 /* Release */ = {
			isa = XCBuildConfiguration;
			buildSettings = {
				ASSETCATALOG_COMPILER_APPICON_NAME = AppIcon;
				ASSETCATALOG_COMPILER_GLOBAL_ACCENT_COLOR_NAME = AccentColor;
				CODE_SIGN_STYLE = Automatic;
				CURRENT_PROJECT_VERSION = 1;
				GENERATE_INFOPLIST_FILE = YES;
				INFOPLIST_FILE = VideoTimeline/Resources/Info.plist;
				INFOPLIST_KEY_UIApplicationSupportsIndirectInputEvents = YES;
				INFOPLIST_KEY_UILaunchStoryboardName = LaunchScreen;
				INFOPLIST_KEY_UISupportedInterfaceOrientations_iPad = "UIInterfaceOrientationPortrait UIInterfaceOrientationPortraitUpsideDown UIInterfaceOrientationLandscapeLeft UIInterfaceOrientationLandscapeRight";
				INFOPLIST_KEY_UISupportedInterfaceOrientations_iPhone = "UIInterfaceOrientationPortrait UIInterfaceOrientationLandscapeLeft UIInterfaceOrientationLandscapeRight";
				LD_RUNPATH_SEARCH_PATHS = (
					"$(inherited)",
					"@executable_path/Frameworks",
				);
				MARKETING_VERSION = 1.0;
				PRODUCT_BUNDLE_IDENTIFIER = io.aamir.VideoTimeline;
				PRODUCT_NAME = "$(TARGET_NAME)";
				SWIFT_EMIT_LOC_STRINGS = YES;
				SWIFT_VERSION = 5.0;
				TARGETED_DEVICE_FAMILY = "1,2";
			};
			name = Release;
		};
/* End XCBuildConfiguration section */

/* Begin XCConfigurationList section */
		2560BD742CD93E5F009CE7F3 /* Build configuration list for PBXProject "VideoTimeline" */ = {
			isa = XCConfigurationList;
			buildConfigurations = (
				2560BD8B2CD93E60009CE7F3 /* Debug */,
				2560BD8C2CD93E60009CE7F3 /* Release */,
			);
			defaultConfigurationIsVisible = 0;
			defaultConfigurationName = Release;
		};
		2560BD8D2CD93E60009CE7F3 /* Build configuration list for PBXNativeTarget "VideoTimeline" */ = {
			isa = XCConfigurationList;
			buildConfigurations = (
				2560BD8E2CD93E60009CE7F3 /* Debug */,
				2560BD8F2CD93E60009CE7F3 /* Release */,
			);
			defaultConfigurationIsVisible = 0;
			defaultConfigurationName = Release;
		};
/* End XCConfigurationList section */
	};
	rootObject = 2560BD712CD93E5F009CE7F3 /* Project object */;
}
